
Microsoft Visual Studio Solution File, Format Version 12.00
# Visual Studio Version 16
VisualStudioVersion = 16.0.32630.194
MinimumVisualStudioVersion = 10.0.40219.1
Project("{8BC9CEB8-8B4A-11D0-8D11-00A0C91BC942}") = "leetcodeHot100", "leetcodeHot100\leetcodeHot100.vcxproj", "{0180BC2C-6E4A-4C7B-A154-29740BBEA153}"
EndProject
Global
	GlobalSection(SolutionConfigurationPlatforms) = preSolution
		Debug|x64 = Debug|x64
		Debug|x86 = Debug|x86
		Release|x64 = Release|x64
		Release|x86 = Release|x86
	EndGlobalSection
	GlobalSection(ProjectConfigurationPlatforms) = postSolution
		{0180BC2C-6E4A-4C7B-A154-29740BBEA153}.Debug|x64.ActiveCfg = Debug|x64
		{0180BC2C-6E4A-4C7B-A154-29740BBEA153}.Debug|x64.Build.0 = Debug|x64
		{0180BC2C-6E4A-4C7B-A154-29740BBEA153}.Debug|x86.ActiveCfg = Debug|Win32
		{0180BC2C-6E4A-4C7B-A154-29740BBEA153}.Debug|x86.Build.0 = Debug|Win32
		{0180BC2C-6E4A-4C7B-A154-29740BBEA153}.Release|x64.ActiveCfg = Release|x64
		{0180BC2C-6E4A-4C7B-A154-29740BBEA153}.Release|x64.Build.0 = Release|x64
		{0180BC2C-6E4A-4C7B-A154-29740BBEA153}.Release|x86.ActiveCfg = Release|Win32
		{0180BC2C-6E4A-4C7B-A154-29740BBEA153}.Release|x86.Build.0 = Release|Win32
	EndGlobalSection
	GlobalSection(SolutionProperties) = preSolution
		HideSolutionNode = FALSE
	EndGlobalSection
	GlobalSection(ExtensibilityGlobals) = postSolution
		SolutionGuid = {988E99D9-B6D8-49B5-A084-0D28C1383C6C}
	EndGlobalSection
EndGlobal
